// !$*UTF8*$!
{
	archiveVersion = 1;
	classes = {
	};
	objectVersion = 50;
	objects = {

/* Begin PBXBuildFile section */
		43E97560139B83E59BCF7C17 /* Pods_ToDoList.framework in Frameworks */ = {isa = PBXBuildFile; fileRef = B0E9448B56AFCBE266BC28F7 /* Pods_ToDoList.framework */; };
		4D213881308BE1911518C230 /* Pods_ToDoList_ToDoListUITests.framework in Frameworks */ = {isa = PBXBuildFile; fileRef = C5910199ADFAF7B5C88F27C1 /* Pods_ToDoList_ToDoListUITests.framework */; };
		62A50E3C25BDC84600542855 /* AppDelegate.swift in Sources */ = {isa = PBXBuildFile; fileRef = 62A50E3B25BDC84600542855 /* AppDelegate.swift */; };
		62A50E3E25BDC84600542855 /* SceneDelegate.swift in Sources */ = {isa = PBXBuildFile; fileRef = 62A50E3D25BDC84600542855 /* SceneDelegate.swift */; };
		62A50E4325BDC84600542855 /* Main.storyboard in Resources */ = {isa = PBXBuildFile; fileRef = 62A50E4125BDC84600542855 /* Main.storyboard */; };
		62A50E4525BDC84900542855 /* Assets.xcassets in Resources */ = {isa = PBXBuildFile; fileRef = 62A50E4425BDC84900542855 /* Assets.xcassets */; };
		62A50E4825BDC84900542855 /* LaunchScreen.storyboard in Resources */ = {isa = PBXBuildFile; fileRef = 62A50E4625BDC84900542855 /* LaunchScreen.storyboard */; };
		62A50E5325BDC84900542855 /* ToDoListTests.swift in Sources */ = {isa = PBXBuildFile; fileRef = 62A50E5225BDC84900542855 /* ToDoListTests.swift */; };
		62A50E5E25BDC84900542855 /* ToDoListUITests.swift in Sources */ = {isa = PBXBuildFile; fileRef = 62A50E5D25BDC84900542855 /* ToDoListUITests.swift */; };
		62A50E7325BDC8A800542855 /* TaskListViewController.swift in Sources */ = {isa = PBXBuildFile; fileRef = 62A50E7225BDC8A800542855 /* TaskListViewController.swift */; };
		62A50E7B25BDCF8F00542855 /* AddTaskViewController.swift in Sources */ = {isa = PBXBuildFile; fileRef = 62A50E7A25BDCF8F00542855 /* AddTaskViewController.swift */; };
		62A50E8125BDD23A00542855 /* Task.swift in Sources */ = {isa = PBXBuildFile; fileRef = 62A50E8025BDD23A00542855 /* Task.swift */; };
		8DB7CA4F5A7FA2C851CEBEA8 /* Pods_ToDoListTests.framework in Frameworks */ = {isa = PBXBuildFile; fileRef = 9054C814CD0A14833E299295 /* Pods_ToDoListTests.framework */; };
/* End PBXBuildFile section */

/* Begin PBXContainerItemProxy section */
		62A50E4F25BDC84900542855 /* PBXContainerItemProxy */ = {
			isa = PBXContainerItemProxy;
			containerPortal = 62A50E3025BDC84600542855 /* Project object */;
			proxyType = 1;
			remoteGlobalIDString = 62A50E3725BDC84600542855;
			remoteInfo = ToDoList;
		};
		62A50E5A25BDC84900542855 /* PBXContainerItemProxy */ = {
			isa = PBXContainerItemProxy;
			containerPortal = 62A50E3025BDC84600542855 /* Project object */;
			proxyType = 1;
			remoteGlobalIDString = 62A50E3725BDC84600542855;
			remoteInfo = ToDoList;
		};
/* End PBXContainerItemProxy section */

/* Begin PBXFileReference section */
		25BB131C05CAD94F2A0BCB93 /* Pods-ToDoList.debug.xcconfig */ = {isa = PBXFileReference; includeInIndex = 1; lastKnownFileType = text.xcconfig; name = "Pods-ToDoList.debug.xcconfig"; path = "Target Support Files/Pods-ToDoList/Pods-ToDoList.debug.xcconfig"; sourceTree = "<group>"; };
		4E59D10BC38C000BDF1B907C /* Pods-ToDoListTests.release.xcconfig */ = {isa = PBXFileReference; includeInIndex = 1; lastKnownFileType = text.xcconfig; name = "Pods-ToDoListTests.release.xcconfig"; path = "Target Support Files/Pods-ToDoListTests/Pods-ToDoListTests.release.xcconfig"; sourceTree = "<group>"; };
		62A50E3825BDC84600542855 /* ToDoList.app */ = {isa = PBXFileReference; explicitFileType = wrapper.application; includeInIndex = 0; path = ToDoList.app; sourceTree = BUILT_PRODUCTS_DIR; };
		62A50E3B25BDC84600542855 /* AppDelegate.swift */ = {isa = PBXFileReference; lastKnownFileType = sourcecode.swift; path = AppDelegate.swift; sourceTree = "<group>"; };
		62A50E3D25BDC84600542855 /* SceneDelegate.swift */ = {isa = PBXFileReference; lastKnownFileType = sourcecode.swift; path = SceneDelegate.swift; sourceTree = "<group>"; };
		62A50E4225BDC84600542855 /* Base */ = {isa = PBXFileReference; lastKnownFileType = file.storyboard; name = Base; path = Base.lproj/Main.storyboard; sourceTree = "<group>"; };
		62A50E4425BDC84900542855 /* Assets.xcassets */ = {isa = PBXFileReference; lastKnownFileType = folder.assetcatalog; path = Assets.xcassets; sourceTree = "<group>"; };
		62A50E4725BDC84900542855 /* Base */ = {isa = PBXFileReference; lastKnownFileType = file.storyboard; name = Base; path = Base.lproj/LaunchScreen.storyboard; sourceTree = "<group>"; };
		62A50E4925BDC84900542855 /* Info.plist */ = {isa = PBXFileReference; lastKnownFileType = text.plist.xml; path = Info.plist; sourceTree = "<group>"; };
		62A50E4E25BDC84900542855 /* ToDoListTests.xctest */ = {isa = PBXFileReference; explicitFileType = wrapper.cfbundle; includeInIndex = 0; path = ToDoListTests.xctest; sourceTree = BUILT_PRODUCTS_DIR; };
		62A50E5225BDC84900542855 /* ToDoListTests.swift */ = {isa = PBXFileReference; lastKnownFileType = sourcecode.swift; path = ToDoListTests.swift; sourceTree = "<group>"; };
		62A50E5425BDC84900542855 /* Info.plist */ = {isa = PBXFileReference; lastKnownFileType = text.plist.xml; path = Info.plist; sourceTree = "<group>"; };
		62A50E5925BDC84900542855 /* ToDoListUITests.xctest */ = {isa = PBXFileReference; explicitFileType = wrapper.cfbundle; includeInIndex = 0; path = ToDoListUITests.xctest; sourceTree = BUILT_PRODUCTS_DIR; };
		62A50E5D25BDC84900542855 /* ToDoListUITests.swift */ = {isa = PBXFileReference; lastKnownFileType = sourcecode.swift; path = ToDoListUITests.swift; sourceTree = "<group>"; };
		62A50E5F25BDC84900542855 /* Info.plist */ = {isa = PBXFileReference; lastKnownFileType = text.plist.xml; path = Info.plist; sourceTree = "<group>"; };
		62A50E7225BDC8A800542855 /* TaskListViewController.swift */ = {isa = PBXFileReference; lastKnownFileType = sourcecode.swift; path = TaskListViewController.swift; sourceTree = "<group>"; };
		62A50E7A25BDCF8F00542855 /* AddTaskViewController.swift */ = {isa = PBXFileReference; lastKnownFileType = sourcecode.swift; path = AddTaskViewController.swift; sourceTree = "<group>"; };
		62A50E8025BDD23A00542855 /* Task.swift */ = {isa = PBXFileReference; lastKnownFileType = sourcecode.swift; path = Task.swift; sourceTree = "<group>"; };
		9054C814CD0A14833E299295 /* Pods_ToDoListTests.framework */ = {isa = PBXFileReference; explicitFileType = wrapper.framework; includeInIndex = 0; path = Pods_ToDoListTests.framework; sourceTree = BUILT_PRODUCTS_DIR; };
		B0E9448B56AFCBE266BC28F7 /* Pods_ToDoList.framework */ = {isa = PBXFileReference; explicitFileType = wrapper.framework; includeInIndex = 0; path = Pods_ToDoList.framework; sourceTree = BUILT_PRODUCTS_DIR; };
		C447F66D9DFA6110EAEFF8D0 /* Pods-ToDoList-ToDoListUITests.debug.xcconfig */ = {isa = PBXFileReference; includeInIndex = 1; lastKnownFileType = text.xcconfig; name = "Pods-ToDoList-ToDoListUITests.debug.xcconfig"; path = "Target Support Files/Pods-ToDoList-ToDoListUITests/Pods-ToDoList-ToDoListUITests.debug.xcconfig"; sourceTree = "<group>"; };
		C5910199ADFAF7B5C88F27C1 /* Pods_ToDoList_ToDoListUITests.framework */ = {isa = PBXFileReference; explicitFileType = wrapper.framework; includeInIndex = 0; path = Pods_ToDoList_ToDoListUITests.framework; sourceTree = BUILT_PRODUCTS_DIR; };
		D712561E54A36F826F342E95 /* Pods-ToDoList-ToDoListUITests.release.xcconfig */ = {isa = PBXFileReference; includeInIndex = 1; lastKnownFileType = text.xcconfig; name = "Pods-ToDoList-ToDoListUITests.release.xcconfig"; path = "Target Support Files/Pods-ToDoList-ToDoListUITests/Pods-ToDoList-ToDoListUITests.release.xcconfig"; sourceTree = "<group>"; };
		DBD43390D4E64B72B1717F0B /* Pods-ToDoList.release.xcconfig */ = {isa = PBXFileReference; includeInIndex = 1; lastKnownFileType = text.xcconfig; name = "Pods-ToDoList.release.xcconfig"; path = "Target Support Files/Pods-ToDoList/Pods-ToDoList.release.xcconfig"; sourceTree = "<group>"; };
		F914F71368C7F4170977B994 /* Pods-ToDoListTests.debug.xcconfig */ = {isa = PBXFileReference; includeInIndex = 1; lastKnownFileType = text.xcconfig; name = "Pods-ToDoListTests.debug.xcconfig"; path = "Target Support Files/Pods-ToDoListTests/Pods-ToDoListTests.debug.xcconfig"; sourceTree = "<group>"; };
/* End PBXFileReference section */

/* Begin PBXFrameworksBuildPhase section */
		62A50E3525BDC84600542855 /* Frameworks */ = {
			isa = PBXFrameworksBuildPhase;
			buildActionMask = 2147483647;
			files = (
				43E97560139B83E59BCF7C17 /* Pods_ToDoList.framework in Frameworks */,
			);
			runOnlyForDeploymentPostprocessing = 0;
		};
		62A50E4B25BDC84900542855 /* Frameworks */ = {
			isa = PBXFrameworksBuildPhase;
			buildActionMask = 2147483647;
			files = (
				8DB7CA4F5A7FA2C851CEBEA8 /* Pods_ToDoListTests.framework in Frameworks */,
			);
			runOnlyForDeploymentPostprocessing = 0;
		};
		62A50E5625BDC84900542855 /* Frameworks */ = {
			isa = PBXFrameworksBuildPhase;
			buildActionMask = 2147483647;
			files = (
				4D213881308BE1911518C230 /* Pods_ToDoList_ToDoListUITests.framework in Frameworks */,
			);
			runOnlyForDeploymentPostprocessing = 0;
		};
/* End PBXFrameworksBuildPhase section */

/* Begin PBXGroup section */
		088486243B39ABC2E6FF332D /* Frameworks */ = {
			isa = PBXGroup;
			children = (
				B0E9448B56AFCBE266BC28F7 /* Pods_ToDoList.framework */,
				C5910199ADFAF7B5C88F27C1 /* Pods_ToDoList_ToDoListUITests.framework */,
				9054C814CD0A14833E299295 /* Pods_ToDoListTests.framework */,
			);
			name = Frameworks;
			sourceTree = "<group>";
		};
		62A50E2F25BDC84600542855 = {
			isa = PBXGroup;
			children = (
				62A50E3A25BDC84600542855 /* ToDoList */,
				62A50E5125BDC84900542855 /* ToDoListTests */,
				62A50E5C25BDC84900542855 /* ToDoListUITests */,
				62A50E3925BDC84600542855 /* Products */,
				7970A1DD470E046242495E54 /* Pods */,
				088486243B39ABC2E6FF332D /* Frameworks */,
			);
			sourceTree = "<group>";
		};
		62A50E3925BDC84600542855 /* Products */ = {
			isa = PBXGroup;
			children = (
				62A50E3825BDC84600542855 /* ToDoList.app */,
				62A50E4E25BDC84900542855 /* ToDoListTests.xctest */,
				62A50E5925BDC84900542855 /* ToDoListUITests.xctest */,
			);
			name = Products;
			sourceTree = "<group>";
		};
		62A50E3A25BDC84600542855 /* ToDoList */ = {
			isa = PBXGroup;
			children = (
				62A50E7F25BDD22400542855 /* Models */,
				62A50E7125BDC86B00542855 /* Controllers */,
				62A50E3B25BDC84600542855 /* AppDelegate.swift */,
				62A50E3D25BDC84600542855 /* SceneDelegate.swift */,
				62A50E4125BDC84600542855 /* Main.storyboard */,
				62A50E4425BDC84900542855 /* Assets.xcassets */,
				62A50E4625BDC84900542855 /* LaunchScreen.storyboard */,
				62A50E4925BDC84900542855 /* Info.plist */,
			);
			path = ToDoList;
			sourceTree = "<group>";
		};
		62A50E5125BDC84900542855 /* ToDoListTests */ = {
			isa = PBXGroup;
			children = (
				62A50E5225BDC84900542855 /* ToDoListTests.swift */,
				62A50E5425BDC84900542855 /* Info.plist */,
			);
			path = ToDoListTests;
			sourceTree = "<group>";
		};
		62A50E5C25BDC84900542855 /* ToDoListUITests */ = {
			isa = PBXGroup;
			children = (
				62A50E5D25BDC84900542855 /* ToDoListUITests.swift */,
				62A50E5F25BDC84900542855 /* Info.plist */,
			);
			path = ToDoListUITests;
			sourceTree = "<group>";
		};
		62A50E7125BDC86B00542855 /* Controllers */ = {
			isa = PBXGroup;
			children = (
				62A50E7225BDC8A800542855 /* TaskListViewController.swift */,
				62A50E7A25BDCF8F00542855 /* AddTaskViewController.swift */,
			);
			path = Controllers;
			sourceTree = "<group>";
		};
		62A50E7F25BDD22400542855 /* Models */ = {
			isa = PBXGroup;
			children = (
				62A50E8025BDD23A00542855 /* Task.swift */,
			);
			path = Models;
			sourceTree = "<group>";
		};
		7970A1DD470E046242495E54 /* Pods */ = {
			isa = PBXGroup;
			children = (
				25BB131C05CAD94F2A0BCB93 /* Pods-ToDoList.debug.xcconfig */,
				DBD43390D4E64B72B1717F0B /* Pods-ToDoList.release.xcconfig */,
				C447F66D9DFA6110EAEFF8D0 /* Pods-ToDoList-ToDoListUITests.debug.xcconfig */,
				D712561E54A36F826F342E95 /* Pods-ToDoList-ToDoListUITests.release.xcconfig */,
				F914F71368C7F4170977B994 /* Pods-ToDoListTests.debug.xcconfig */,
				4E59D10BC38C000BDF1B907C /* Pods-ToDoListTests.release.xcconfig */,
			);
			name = Pods;
			path = Pods;
			sourceTree = "<group>";
		};
/* End PBXGroup section */

/* Begin PBXNativeTarget section */
		62A50E3725BDC84600542855 /* ToDoList */ = {
			isa = PBXNativeTarget;
			buildConfigurationList = 62A50E6225BDC84900542855 /* Build configuration list for PBXNativeTarget "ToDoList" */;
			buildPhases = (
				05853AB627C29B437D561CB2 /* [CP] Check Pods Manifest.lock */,
				62A50E3425BDC84600542855 /* Sources */,
				62A50E3525BDC84600542855 /* Frameworks */,
				62A50E3625BDC84600542855 /* Resources */,
				74D0DA2C20C7990505F1EBF2 /* [CP] Embed Pods Frameworks */,
			);
			buildRules = (
			);
			dependencies = (
			);
			name = ToDoList;
			productName = ToDoList;
			productReference = 62A50E3825BDC84600542855 /* ToDoList.app */;
			productType = "com.apple.product-type.application";
		};
		62A50E4D25BDC84900542855 /* ToDoListTests */ = {
			isa = PBXNativeTarget;
			buildConfigurationList = 62A50E6525BDC84900542855 /* Build configuration list for PBXNativeTarget "ToDoListTests" */;
			buildPhases = (
				965C765F9CE85FB9F257C2E2 /* [CP] Check Pods Manifest.lock */,
				62A50E4A25BDC84900542855 /* Sources */,
				62A50E4B25BDC84900542855 /* Frameworks */,
				62A50E4C25BDC84900542855 /* Resources */,
			);
			buildRules = (
			);
			dependencies = (
				62A50E5025BDC84900542855 /* PBXTargetDependency */,
			);
			name = ToDoListTests;
			productName = ToDoListTests;
			productReference = 62A50E4E25BDC84900542855 /* ToDoListTests.xctest */;
			productType = "com.apple.product-type.bundle.unit-test";
		};
		62A50E5825BDC84900542855 /* ToDoListUITests */ = {
			isa = PBXNativeTarget;
			buildConfigurationList = 62A50E6825BDC84900542855 /* Build configuration list for PBXNativeTarget "ToDoListUITests" */;
			buildPhases = (
				2DEDC79C360E4564D8EC88C1 /* [CP] Check Pods Manifest.lock */,
				62A50E5525BDC84900542855 /* Sources */,
				62A50E5625BDC84900542855 /* Frameworks */,
				62A50E5725BDC84900542855 /* Resources */,
				F9E5656E08C95EA771EE13ED /* [CP] Embed Pods Frameworks */,
			);
			buildRules = (
			);
			dependencies = (
				62A50E5B25BDC84900542855 /* PBXTargetDependency */,
			);
			name = ToDoListUITests;
			productName = ToDoListUITests;
			productReference = 62A50E5925BDC84900542855 /* ToDoListUITests.xctest */;
			productType = "com.apple.product-type.bundle.ui-testing";
		};
/* End PBXNativeTarget section */

/* Begin PBXProject section */
		62A50E3025BDC84600542855 /* Project object */ = {
			isa = PBXProject;
			attributes = {
				LastSwiftUpdateCheck = 1230;
				LastUpgradeCheck = 1230;
				TargetAttributes = {
					62A50E3725BDC84600542855 = {
						CreatedOnToolsVersion = 12.3;
					};
					62A50E4D25BDC84900542855 = {
						CreatedOnToolsVersion = 12.3;
						TestTargetID = 62A50E3725BDC84600542855;
					};
					62A50E5825BDC84900542855 = {
						CreatedOnToolsVersion = 12.3;
						TestTargetID = 62A50E3725BDC84600542855;
					};
				};
			};
			buildConfigurationList = 62A50E3325BDC84600542855 /* Build configuration list for PBXProject "ToDoList" */;
			compatibilityVersion = "Xcode 9.3";
			developmentRegion = en;
			hasScannedForEncodings = 0;
			knownRegions = (
				en,
				Base,
			);
			mainGroup = 62A50E2F25BDC84600542855;
			productRefGroup = 62A50E3925BDC84600542855 /* Products */;
			projectDirPath = "";
			projectRoot = "";
			targets = (
				62A50E3725BDC84600542855 /* ToDoList */,
				62A50E4D25BDC84900542855 /* ToDoListTests */,
				62A50E5825BDC84900542855 /* ToDoListUITests */,
			);
		};
/* End PBXProject section */

/* Begin PBXResourcesBuildPhase section */
		62A50E3625BDC84600542855 /* Resources */ = {
			isa = PBXResourcesBuildPhase;
			buildActionMask = 2147483647;
			files = (
				62A50E4825BDC84900542855 /* LaunchScreen.storyboard in Resources */,
				62A50E4525BDC84900542855 /* Assets.xcassets in Resources */,
				62A50E4325BDC84600542855 /* Main.storyboard in Resources */,
			);
			runOnlyForDeploymentPostprocessing = 0;
		};
		62A50E4C25BDC84900542855 /* Resources */ = {
			isa = PBXResourcesBuildPhase;
			buildActionMask = 2147483647;
			files = (
			);
			runOnlyForDeploymentPostprocessing = 0;
		};
		62A50E5725BDC84900542855 /* Resources */ = {
			isa = PBXResourcesBuildPhase;
			buildActionMask = 2147483647;
			files = (
			);
			runOnlyForDeploymentPostprocessing = 0;
		};
/* End PBXResourcesBuildPhase section */

/* Begin PBXShellScriptBuildPhase section */
		05853AB627C29B437D561CB2 /* [CP] Check Pods Manifest.lock */ = {
			isa = PBXShellScriptBuildPhase;
			buildActionMask = 2147483647;
			files = (
			);
			inputFileListPaths = (
			);
			inputPaths = (
				"${PODS_PODFILE_DIR_PATH}/Podfile.lock",
				"${PODS_ROOT}/Manifest.lock",
			);
			name = "[CP] Check Pods Manifest.lock";
			outputFileListPaths = (
			);
			outputPaths = (
				"$(DERIVED_FILE_DIR)/Pods-ToDoList-checkManifestLockResult.txt",
			);
			runOnlyForDeploymentPostprocessing = 0;
			shellPath = /bin/sh;
			shellScript = "diff \"${PODS_PODFILE_DIR_PATH}/Podfile.lock\" \"${PODS_ROOT}/Manifest.lock\" > /dev/null\nif [ $? != 0 ] ; then\n    # print error to STDERR\n    echo \"error: The sandbox is not in sync with the Podfile.lock. Run 'pod install' or update your CocoaPods installation.\" >&2\n    exit 1\nfi\n# This output is used by Xcode 'outputs' to avoid re-running this script phase.\necho \"SUCCESS\" > \"${SCRIPT_OUTPUT_FILE_0}\"\n";
			showEnvVarsInLog = 0;
		};
		2DEDC79C360E4564D8EC88C1 /* [CP] Check Pods Manifest.lock */ = {
			isa = PBXShellScriptBuildPhase;
			buildActionMask = 2147483647;
			files = (
			);
			inputFileListPaths = (
			);
			inputPaths = (
				"${PODS_PODFILE_DIR_PATH}/Podfile.lock",
				"${PODS_ROOT}/Manifest.lock",
			);
			name = "[CP] Check Pods Manifest.lock";
			outputFileListPaths = (
			);
			outputPaths = (
				"$(DERIVED_FILE_DIR)/Pods-ToDoList-ToDoListUITests-checkManifestLockResult.txt",
			);
			runOnlyForDeploymentPostprocessing = 0;
			shellPath = /bin/sh;
			shellScript = "diff \"${PODS_PODFILE_DIR_PATH}/Podfile.lock\" \"${PODS_ROOT}/Manifest.lock\" > /dev/null\nif [ $? != 0 ] ; then\n    # print error to STDERR\n    echo \"error: The sandbox is not in sync with the Podfile.lock. Run 'pod install' or update your CocoaPods installation.\" >&2\n    exit 1\nfi\n# This output is used by Xcode 'outputs' to avoid re-running this script phase.\necho \"SUCCESS\" > \"${SCRIPT_OUTPUT_FILE_0}\"\n";
			showEnvVarsInLog = 0;
		};
		74D0DA2C20C7990505F1EBF2 /* [CP] Embed Pods Frameworks */ = {
			isa = PBXShellScriptBuildPhase;
			buildActionMask = 2147483647;
			files = (
			);
			inputFileListPaths = (
				"${PODS_ROOT}/Target Support Files/Pods-ToDoList/Pods-ToDoList-frameworks-${CONFIGURATION}-input-files.xcfilelist",
			);
			name = "[CP] Embed Pods Frameworks";
			outputFileListPaths = (
				"${PODS_ROOT}/Target Support Files/Pods-ToDoList/Pods-ToDoList-frameworks-${CONFIGURATION}-output-files.xcfilelist",
			);
			runOnlyForDeploymentPostprocessing = 0;
			shellPath = /bin/sh;
			shellScript = "\"${PODS_ROOT}/Target Support Files/Pods-ToDoList/Pods-ToDoList-frameworks.sh\"\n";
			showEnvVarsInLog = 0;
		};
		965C765F9CE85FB9F257C2E2 /* [CP] Check Pods Manifest.lock */ = {
			isa = PBXShellScriptBuildPhase;
			buildActionMask = 2147483647;
			files = (
			);
			inputFileListPaths = (
			);
			inputPaths = (
				"${PODS_PODFILE_DIR_PATH}/Podfile.lock",
				"${PODS_ROOT}/Manifest.lock",
			);
			name = "[CP] Check Pods Manifest.lock";
			outputFileListPaths = (
			);
			outputPaths = (
				"$(DERIVED_FILE_DIR)/Pods-ToDoListTests-checkManifestLockResult.txt",
			);
			runOnlyForDeploymentPostprocessing = 0;
			shellPath = /bin/sh;
			shellScript = "diff \"${PODS_PODFILE_DIR_PATH}/Podfile.lock\" \"${PODS_ROOT}/Manifest.lock\" > /dev/null\nif [ $? != 0 ] ; then\n    # print error to STDERR\n    echo \"error: The sandbox is not in sync with the Podfile.lock. Run 'pod install' or update your CocoaPods installation.\" >&2\n    exit 1\nfi\n# This output is used by Xcode 'outputs' to avoid re-running this script phase.\necho \"SUCCESS\" > \"${SCRIPT_OUTPUT_FILE_0}\"\n";
			showEnvVarsInLog = 0;
		};
		F9E5656E08C95EA771EE13ED /* [CP] Embed Pods Frameworks */ = {
			isa = PBXShellScriptBuildPhase;
			buildActionMask = 2147483647;
			files = (
			);
			inputFileListPaths = (
				"${PODS_ROOT}/Target Support Files/Pods-ToDoList-ToDoListUITests/Pods-ToDoList-ToDoListUITests-frameworks-${CONFIGURATION}-input-files.xcfilelist",
			);
			name = "[CP] Embed Pods Frameworks";
			outputFileListPaths = (
				"${PODS_ROOT}/Target Support Files/Pods-ToDoList-ToDoListUITests/Pods-ToDoList-ToDoListUITests-frameworks-${CONFIGURATION}-output-files.xcfilelist",
			);
			runOnlyForDeploymentPostprocessing = 0;
			shellPath = /bin/sh;
			shellScript = "\"${PODS_ROOT}/Target Support Files/Pods-ToDoList-ToDoListUITests/Pods-ToDoList-ToDoListUITests-frameworks.sh\"\n";
			showEnvVarsInLog = 0;
		};
/* End PBXShellScriptBuildPhase section */

/* Begin PBXSourcesBuildPhase section */
		62A50E3425BDC84600542855 /* Sources */ = {
			isa = PBXSourcesBuildPhase;
			buildActionMask = 2147483647;
			files = (
				62A50E3C25BDC84600542855 /* AppDelegate.swift in Sources */,
				62A50E7B25BDCF8F00542855 /* AddTaskViewController.swift in Sources */,
				62A50E8125BDD23A00542855 /* Task.swift in Sources */,
				62A50E3E25BDC84600542855 /* SceneDelegate.swift in Sources */,
				62A50E7325BDC8A800542855 /* TaskListViewController.swift in Sources */,
			);
			runOnlyForDeploymentPostprocessing = 0;
		};
		62A50E4A25BDC84900542855 /* Sources */ = {
			isa = PBXSourcesBuildPhase;
			buildActionMask = 2147483647;
			files = (
				62A50E5325BDC84900542855 /* ToDoListTests.swift in Sources */,
			);
			runOnlyForDeploymentPostprocessing = 0;
		};
		62A50E5525BDC84900542855 /* Sources */ = {
			isa = PBXSourcesBuildPhase;
			buildActionMask = 2147483647;
			files = (
				62A50E5E25BDC84900542855 /* ToDoListUITests.swift in Sources */,
			);
			runOnlyForDeploymentPostprocessing = 0;
		};
/* End PBXSourcesBuildPhase section */

/* Begin PBXTargetDependency section */
		62A50E5025BDC84900542855 /* PBXTargetDependency */ = {
			isa = PBXTargetDependency;
			target = 62A50E3725BDC84600542855 /* ToDoList */;
			targetProxy = 62A50E4F25BDC84900542855 /* PBXContainerItemProxy */;
		};
		62A50E5B25BDC84900542855 /* PBXTargetDependency */ = {
			isa = PBXTargetDependency;
			target = 62A50E3725BDC84600542855 /* ToDoList */;
			targetProxy = 62A50E5A25BDC84900542855 /* PBXContainerItemProxy */;
		};
/* End PBXTargetDependency section */

/* Begin PBXVariantGroup section */
		62A50E4125BDC84600542855 /* Main.storyboard */ = {
			isa = PBXVariantGroup;
			children = (
				62A50E4225BDC84600542855 /* Base */,
			);
			name = Main.storyboard;
			sourceTree = "<group>";
		};
		62A50E4625BDC84900542855 /* LaunchScreen.storyboard */ = {
			isa = PBXVariantGroup;
			children = (
				62A50E4725BDC84900542855 /* Base */,
			);
			name = LaunchScreen.storyboard;
			sourceTree = "<group>";
		};
/* End PBXVariantGroup section */

/* Begin XCBuildConfiguration section */
		62A50E6025BDC84900542855 /* Debug */ = {
			isa = XCBuildConfiguration;
			buildSettings = {
				ALWAYS_SEARCH_USER_PATHS = NO;
				CLANG_ANALYZER_NONNULL = YES;
				CLANG_ANALYZER_NUMBER_OBJECT_CONVERSION = YES_AGGRESSIVE;
				CLANG_CXX_LANGUAGE_STANDARD = "gnu++14";
				CLANG_CXX_LIBRARY = "libc++";
				CLANG_ENABLE_MODULES = YES;
				CLANG_ENABLE_OBJC_ARC = YES;
				CLANG_ENABLE_OBJC_WEAK = YES;
				CLANG_WARN_BLOCK_CAPTURE_AUTORELEASING = YES;
				CLANG_WARN_BOOL_CONVERSION = YES;
				CLANG_WARN_COMMA = YES;
				CLANG_WARN_CONSTANT_CONVERSION = YES;
				CLANG_WARN_DEPRECATED_OBJC_IMPLEMENTATIONS = YES;
				CLANG_WARN_DIRECT_OBJC_ISA_USAGE = YES_ERROR;
				CLANG_WARN_DOCUMENTATION_COMMENTS = YES;
				CLANG_WARN_EMPTY_BODY = YES;
				CLANG_WARN_ENUM_CONVERSION = YES;
				CLANG_WARN_INFINITE_RECURSION = YES;
				CLANG_WARN_INT_CONVERSION = YES;
				CLANG_WARN_NON_LITERAL_NULL_CONVERSION = YES;
				CLANG_WARN_OBJC_IMPLICIT_RETAIN_SELF = YES;
				CLANG_WARN_OBJC_LITERAL_CONVERSION = YES;
				CLANG_WARN_OBJC_ROOT_CLASS = YES_ERROR;
				CLANG_WARN_QUOTED_INCLUDE_IN_FRAMEWORK_HEADER = YES;
				CLANG_WARN_RANGE_LOOP_ANALYSIS = YES;
				CLANG_WARN_STRICT_PROTOTYPES = YES;
				CLANG_WARN_SUSPICIOUS_MOVE = YES;
				CLANG_WARN_UNGUARDED_AVAILABILITY = YES_AGGRESSIVE;
				CLANG_WARN_UNREACHABLE_CODE = YES;
				CLANG_WARN__DUPLICATE_METHOD_MATCH = YES;
				COPY_PHASE_STRIP = NO;
				DEBUG_INFORMATION_FORMAT = dwarf;
				ENABLE_STRICT_OBJC_MSGSEND = YES;
				ENABLE_TESTABILITY = YES;
				GCC_C_LANGUAGE_STANDARD = gnu11;
				GCC_DYNAMIC_NO_PIC = NO;
				GCC_NO_COMMON_BLOCKS = YES;
				GCC_OPTIMIZATION_LEVEL = 0;
				GCC_PREPROCESSOR_DEFINITIONS = (
					"DEBUG=1",
					"$(inherited)",
				);
				GCC_WARN_64_TO_32_BIT_CONVERSION = YES;
				GCC_WARN_ABOUT_RETURN_TYPE = YES_ERROR;
				GCC_WARN_UNDECLARED_SELECTOR = YES;
				GCC_WARN_UNINITIALIZED_AUTOS = YES_AGGRESSIVE;
				GCC_WARN_UNUSED_FUNCTION = YES;
				GCC_WARN_UNUSED_VARIABLE = YES;
				IPHONEOS_DEPLOYMENT_TARGET = 14.3;
				MTL_ENABLE_DEBUG_INFO = INCLUDE_SOURCE;
				MTL_FAST_MATH = YES;
				ONLY_ACTIVE_ARCH = YES;
				SDKROOT = iphoneos;
				SWIFT_ACTIVE_COMPILATION_CONDITIONS = DEBUG;
				SWIFT_OPTIMIZATION_LEVEL = "-Onone";
			};
			name = Debug;
		};
		62A50E6125BDC84900542855 /* Release */ = {
			isa = XCBuildConfiguration;
			buildSettings = {
				ALWAYS_SEARCH_USER_PATHS = NO;
				CLANG_ANALYZER_NONNULL = YES;
				CLANG_ANALYZER_NUMBER_OBJECT_CONVERSION = YES_AGGRESSIVE;
				CLANG_CXX_LANGUAGE_STANDARD = "gnu++14";
				CLANG_CXX_LIBRARY = "libc++";
				CLANG_ENABLE_MODULES = YES;
				CLANG_ENABLE_OBJC_ARC = YES;
				CLANG_ENABLE_OBJC_WEAK = YES;
				CLANG_WARN_BLOCK_CAPTURE_AUTORELEASING = YES;
				CLANG_WARN_BOOL_CONVERSION = YES;
				CLANG_WARN_COMMA = YES;
				CLANG_WARN_CONSTANT_CONVERSION = YES;
				CLANG_WARN_DEPRECATED_OBJC_IMPLEMENTATIONS = YES;
				CLANG_WARN_DIRECT_OBJC_ISA_USAGE = YES_ERROR;
				CLANG_WARN_DOCUMENTATION_COMMENTS = YES;
				CLANG_WARN_EMPTY_BODY = YES;
				CLANG_WARN_ENUM_CONVERSION = YES;
				CLANG_WARN_INFINITE_RECURSION = YES;
				CLANG_WARN_INT_CONVERSION = YES;
				CLANG_WARN_NON_LITERAL_NULL_CONVERSION = YES;
				CLANG_WARN_OBJC_IMPLICIT_RETAIN_SELF = YES;
				CLANG_WARN_OBJC_LITERAL_CONVERSION = YES;
				CLANG_WARN_OBJC_ROOT_CLASS = YES_ERROR;
				CLANG_WARN_QUOTED_INCLUDE_IN_FRAMEWORK_HEADER = YES;
				CLANG_WARN_RANGE_LOOP_ANALYSIS = YES;
				CLANG_WARN_STRICT_PROTOTYPES = YES;
				CLANG_WARN_SUSPICIOUS_MOVE = YES;
				CLANG_WARN_UNGUARDED_AVAILABILITY = YES_AGGRESSIVE;
				CLANG_WARN_UNREACHABLE_CODE = YES;
				CLANG_WARN__DUPLICATE_METHOD_MATCH = YES;
				COPY_PHASE_STRIP = NO;
				DEBUG_INFORMATION_FORMAT = "dwarf-with-dsym";
				ENABLE_NS_ASSERTIONS = NO;
				ENABLE_STRICT_OBJC_MSGSEND = YES;
				GCC_C_LANGUAGE_STANDARD = gnu11;
				GCC_NO_COMMON_BLOCKS = YES;
				GCC_WARN_64_TO_32_BIT_CONVERSION = YES;
				GCC_WARN_ABOUT_RETURN_TYPE = YES_ERROR;
				GCC_WARN_UNDECLARED_SELECTOR = YES;
				GCC_WARN_UNINITIALIZED_AUTOS = YES_AGGRESSIVE;
				GCC_WARN_UNUSED_FUNCTION = YES;
				GCC_WARN_UNUSED_VARIABLE = YES;
				IPHONEOS_DEPLOYMENT_TARGET = 14.3;
				MTL_ENABLE_DEBUG_INFO = NO;
				MTL_FAST_MATH = YES;
				SDKROOT = iphoneos;
				SWIFT_COMPILATION_MODE = wholemodule;
				SWIFT_OPTIMIZATION_LEVEL = "-O";
				VALIDATE_PRODUCT = YES;
			};
			name = Release;
		};
		62A50E6325BDC84900542855 /* Debug */ = {
			isa = XCBuildConfiguration;
			baseConfigurationReference = 25BB131C05CAD94F2A0BCB93 /* Pods-ToDoList.debug.xcconfig */;
			buildSettings = {
				ASSETCATALOG_COMPILER_APPICON_NAME = AppIcon;
				ASSETCATALOG_COMPILER_GLOBAL_ACCENT_COLOR_NAME = AccentColor;
				CODE_SIGN_STYLE = Automatic;
				INFOPLIST_FILE = ToDoList/Info.plist;
				LD_RUNPATH_SEARCH_PATHS = (
					"$(inherited)",
					"@executable_path/Frameworks",
				);
				PRODUCT_BUNDLE_IDENTIFIER = com.lfp.ToDoList;
				PRODUCT_NAME = "$(TARGET_NAME)";
				SWIFT_VERSION = 5.0;
				TARGETED_DEVICE_FAMILY = "1,2";
			};
			name = Debug;
		};
		62A50E6425BDC84900542855 /* Release */ = {
			isa = XCBuildConfiguration;
			baseConfigurationReference = DBD43390D4E64B72B1717F0B /* Pods-ToDoList.release.xcconfig */;
			buildSettings = {
				ASSETCATALOG_COMPILER_APPICON_NAME = AppIcon;
				ASSETCATALOG_COMPILER_GLOBAL_ACCENT_COLOR_NAME = AccentColor;
				CODE_SIGN_STYLE = Automatic;
				INFOPLIST_FILE = ToDoList/Info.plist;
				LD_RUNPATH_SEARCH_PATHS = (
					"$(inherited)",
					"@executable_path/Frameworks",
				);
				PRODUCT_BUNDLE_IDENTIFIER = com.lfp.ToDoList;
				PRODUCT_NAME = "$(TARGET_NAME)";
				SWIFT_VERSION = 5.0;
				TARGETED_DEVICE_FAMILY = "1,2";
			};
			name = Release;
		};
		62A50E6625BDC84900542855 /* Debug */ = {
			isa = XCBuildConfiguration;
			baseConfigurationReference = F914F71368C7F4170977B994 /* Pods-ToDoListTests.debug.xcconfig */;
			buildSettings = {
				ALWAYS_EMBED_SWIFT_STANDARD_LIBRARIES = YES;
				BUNDLE_LOADER = "$(TEST_HOST)";
				CODE_SIGN_STYLE = Automatic;
				INFOPLIST_FILE = ToDoListTests/Info.plist;
				IPHONEOS_DEPLOYMENT_TARGET = 14.3;
				LD_RUNPATH_SEARCH_PATHS = (
					"$(inherited)",
					"@executable_path/Frameworks",
					"@loader_path/Frameworks",
				);
				PRODUCT_BUNDLE_IDENTIFIER = com.lfp.ToDoListTests;
				PRODUCT_NAME = "$(TARGET_NAME)";
				SWIFT_VERSION = 5.0;
				TARGETED_DEVICE_FAMILY = "1,2";
				TEST_HOST = "$(BUILT_PRODUCTS_DIR)/ToDoList.app/ToDoList";
			};
			name = Debug;
		};
		62A50E6725BDC84900542855 /* Release */ = {
			isa = XCBuildConfiguration;
			baseConfigurationReference = 4E59D10BC38C000BDF1B907C /* Pods-ToDoListTests.release.xcconfig */;
			buildSettings = {
				ALWAYS_EMBED_SWIFT_STANDARD_LIBRARIES = YES;
				BUNDLE_LOADER = "$(TEST_HOST)";
				CODE_SIGN_STYLE = Automatic;
				INFOPLIST_FILE = ToDoListTests/Info.plist;
				IPHONEOS_DEPLOYMENT_TARGET = 14.3;
				LD_RUNPATH_SEARCH_PATHS = (
					"$(inherited)",
					"@executable_path/Frameworks",
					"@loader_path/Frameworks",
				);
				PRODUCT_BUNDLE_IDENTIFIER = com.lfp.ToDoListTests;
				PRODUCT_NAME = "$(TARGET_NAME)";
				SWIFT_VERSION = 5.0;
				TARGETED_DEVICE_FAMILY = "1,2";
				TEST_HOST = "$(BUILT_PRODUCTS_DIR)/ToDoList.app/ToDoList";
			};
			name = Release;
		};
		62A50E6925BDC84900542855 /* Debug */ = {
			isa = XCBuildConfiguration;
			baseConfigurationReference = C447F66D9DFA6110EAEFF8D0 /* Pods-ToDoList-ToDoListUITests.debug.xcconfig */;
			buildSettings = {
				ALWAYS_EMBED_SWIFT_STANDARD_LIBRARIES = YES;
				CODE_SIGN_STYLE = Automatic;
				INFOPLIST_FILE = ToDoListUITests/Info.plist;
				LD_RUNPATH_SEARCH_PATHS = (
					"$(inherited)",
					"@executable_path/Frameworks",
					"@loader_path/Frameworks",
				);
				PRODUCT_BUNDLE_IDENTIFIER = com.lfp.ToDoListUITests;
				PRODUCT_NAME = "$(TARGET_NAME)";
				SWIFT_VERSION = 5.0;
				TARGETED_DEVICE_FAMILY = "1,2";
				TEST_TARGET_NAME = ToDoList;
			};
			name = Debug;
		};
		62A50E6A25BDC84900542855 /* Release */ = {
			isa = XCBuildConfiguration;
			baseConfigurationReference = D712561E54A36F826F342E95 /* Pods-ToDoList-ToDoListUITests.release.xcconfig */;
			buildSettings = {
				ALWAYS_EMBED_SWIFT_STANDARD_LIBRARIES = YES;
				CODE_SIGN_STYLE = Automatic;
				INFOPLIST_FILE = ToDoListUITests/Info.plist;
				LD_RUNPATH_SEARCH_PATHS = (
					"$(inherited)",
					"@executable_path/Frameworks",
					"@loader_path/Frameworks",
				);
				PRODUCT_BUNDLE_IDENTIFIER = com.lfp.ToDoListUITests;
				PRODUCT_NAME = "$(TARGET_NAME)";
				SWIFT_VERSION = 5.0;
				TARGETED_DEVICE_FAMILY = "1,2";
				TEST_TARGET_NAME = ToDoList;
			};
			name = Release;
		};
/* End XCBuildConfiguration section */

/* Begin XCConfigurationList section */
		62A50E3325BDC84600542855 /* Build configuration list for PBXProject "ToDoList" */ = {
			isa = XCConfigurationList;
			buildConfigurations = (
				62A50E6025BDC84900542855 /* Debug */,
				62A50E6125BDC84900542855 /* Release */,
			);
			defaultConfigurationIsVisible = 0;
			defaultConfigurationName = Release;
		};
		62A50E6225BDC84900542855 /* Build configuration list for PBXNativeTarget "ToDoList" */ = {
			isa = XCConfigurationList;
			buildConfigurations = (
				62A50E6325BDC84900542855 /* Debug */,
				62A50E6425BDC84900542855 /* Release */,
			);
			defaultConfigurationIsVisible = 0;
			defaultConfigurationName = Release;
		};
		62A50E6525BDC84900542855 /* Build configuration list for PBXNativeTarget "ToDoListTests" */ = {
			isa = XCConfigurationList;
			buildConfigurations = (
				62A50E6625BDC84900542855 /* Debug */,
				62A50E6725BDC84900542855 /* Release */,
			);
			defaultConfigurationIsVisible = 0;
			defaultConfigurationName = Release;
		};
		62A50E6825BDC84900542855 /* Build configuration list for PBXNativeTarget "ToDoListUITests" */ = {
			isa = XCConfigurationList;
			buildConfigurations = (
				62A50E6925BDC84900542855 /* Debug */,
				62A50E6A25BDC84900542855 /* Release */,
			);
			defaultConfigurationIsVisible = 0;
			defaultConfigurationName = Release;
		};
/* End XCConfigurationList section */
	};
	rootObject = 62A50E3025BDC84600542855 /* Project object */;
}
